lockfileVersion: '6.0'

settings:
  autoInstallPeers: true
  excludeLinksFromLockfile: false

dependencies:
  '@fullcalendar/core':
    specifier: ^6.1.10
    version: 6.1.10
  '@fullcalendar/daygrid':
    specifier: ^6.1.10
    version: 6.1.10(@fullcalendar/core@6.1.10)
  '@fullcalendar/interaction':
    specifier: ^6.1.10
    version: 6.1.10(@fullcalendar/core@6.1.10)
  '@fullcalendar/react':
    specifier: ^6.1.10
    version: 6.1.10(@fullcalendar/core@6.1.10)(react-dom@18.2.0)(react@18.2.0)
  '@fullcalendar/timegrid':
    specifier: ^6.1.10
    version: 6.1.10(@fullcalendar/core@6.1.10)
  dotenv:
    specifier: ^16.3.2
    version: 16.3.2

devDependencies:
  '@types/fullcalendar':
    specifier: ^3.8.0
    version: 3.8.0

packages:

  /@fullcalendar/core@6.1.10:
    resolution: {integrity: sha512-oTXGJSAGpCf1oY+CKp5qYjMHkJCPBkJ3SHitl63n8Q6xKeiwQ4EF6Au451euUovREwJpLmD1AyZrCnWmtB9AVg==}
    dependencies:
      preact: 10.12.1

  /@fullcalendar/daygrid@6.1.10(@fullcalendar/core@6.1.10):
    resolution: {integrity: sha512-Z4GRm1IyHKgxXFTWGcEI0nTsvYOIkpE0aMt3/o3ER2SZkF+hfwcDFhtj0c9+WhMjXFIWYeoTnA9rUOY7Zl/nxA==}
    peerDependencies:
      '@fullcalendar/core': ~6.1.10
    dependencies:
      '@fullcalendar/core': 6.1.10

  /@fullcalendar/interaction@6.1.10(@fullcalendar/core@6.1.10):
    resolution: {integrity: sha512-aZRlwCpmDasq2RNeWV0ub20Uevare9Cb6iMlxCacx0fhOC14H28G9d1FsduJIecInL84SPGwt5ItqAYMsWv7zw==}
    peerDependencies:
      '@fullcalendar/core': ~6.1.10
    dependencies:
      '@fullcalendar/core': 6.1.10

  /@fullcalendar/list@6.1.10(@fullcalendar/core@6.1.10):
    resolution: {integrity: sha512-WE4vuSUCzol4tJd0ZP0cNxeyRPaZcsVVYs2I3qdf3OZQkXwDCdSyWEz0Hluf+XZWcZXt21aEYKlxRjwUpQcf4Q==}
    peerDependencies:
      '@fullcalendar/core': ~6.1.10
    dependencies:
      '@fullcalendar/core': 6.1.10
    dev: true

  /@fullcalendar/multimonth@6.1.10(@fullcalendar/core@6.1.10):
    resolution: {integrity: sha512-mLGEgD+sv8rNfKphyOCWRQapX7/nAvHgQmDTjuy4STlhHsddCYVmFlsSgF373ph1tXh41wAJUVdNO/pDmCvUfA==}
    peerDependencies:
      '@fullcalendar/core': ~6.1.10
    dependencies:
      '@fullcalendar/core': 6.1.10
      '@fullcalendar/daygrid': 6.1.10(@fullcalendar/core@6.1.10)
    dev: true

  /@fullcalendar/react@6.1.10(@fullcalendar/core@6.1.10)(react-dom@18.2.0)(react@18.2.0):
    resolution: {integrity: sha512-RVYevo5T4RUZzR8omlbnBwRCqVNJWKryzI0ZrFULyqIYggN6uPmMuB9GvbrTjDfKhsm438KQwwhJerg2lGh3xA==}
    peerDependencies:
      '@fullcalendar/core': ~6.1.10
      react: ^16.7.0 || ^17 || ^18
      react-dom: ^16.7.0 || ^17 || ^18
    dependencies:
      '@fullcalendar/core': 6.1.10
      react: 18.2.0
      react-dom: 18.2.0(react@18.2.0)
    dev: false

  /@fullcalendar/timegrid@6.1.10(@fullcalendar/core@6.1.10):
    resolution: {integrity: sha512-hFKyQXJaPbNyq1reZmvkCmM64O99krHoIcJAbDS+dntCm3FzZUcDtAcRKIbMiantHrezCG/1MEYk3m9e3aKvIQ==}
    peerDependencies:
      '@fullcalendar/core': ~6.1.10
    dependencies:
      '@fullcalendar/core': 6.1.10
      '@fullcalendar/daygrid': 6.1.10(@fullcalendar/core@6.1.10)

  /@types/fullcalendar@3.8.0:
    resolution: {integrity: sha512-uxYNAnvH7s3asQjkH8p0K1V4ENMLQDGNmFHWA7/iRZwU13A7RCOvnNoRapEIIRx8hI/+wHWkd4Q9KmpVCQfIEg==}
    deprecated: This is a stub types definition for FullCalendar (http://arshaw.com/fullcalendar/). FullCalendar provides its own type definitions, so you don\'t need @types/fullcalendar installed!
    dependencies:
      fullcalendar: 6.1.10
    dev: true

  /dotenv@16.3.2:
    resolution: {integrity: sha512-HTlk5nmhkm8F6JcdXvHIzaorzCoziNQT9mGxLPVXW8wJF1TiGSL60ZGB4gHWabHOaMmWmhvk2/lPHfnBiT78AQ==}
    engines: {node: '>=12'}
    dev: false

  /fullcalendar@6.1.10:
    resolution: {integrity: sha512-JVka6cf3s90vKY221Xa2V8sq42J9SRYxbUILy+o2mIAzG4BqCNLPLr9uBTDtAf7eK3bNhqohnlofRzVBX0BPMw==}
    dependencies:
      '@fullcalendar/core': 6.1.10
      '@fullcalendar/daygrid': 6.1.10(@fullcalendar/core@6.1.10)
      '@fullcalendar/interaction': 6.1.10(@fullcalendar/core@6.1.10)
      '@fullcalendar/list': 6.1.10(@fullcalendar/core@6.1.10)
      '@fullcalendar/multimonth': 6.1.10(@fullcalendar/core@6.1.10)
      '@fullcalendar/timegrid': 6.1.10(@fullcalendar/core@6.1.10)
    dev: true

  /js-tokens@4.0.0:
    resolution: {integrity: sha512-RdJUflcE3cUzKiMqQgsCu06FPu9UdIJO0beYbPhHN4k6apgJtifcoCtT9bcxOpYBtpD2kCM6Sbzg4CausW/PKQ==}
    dev: false

  /loose-envify@1.4.0:
    resolution: {integrity: sha512-lyuxPGr/Wfhrlem2CL/UcnUc1zcqKAImBDzukY7Y5F/yQiNdko6+fRLevlw1HgMySw7f611UIY408EtxRSoK3Q==}
    hasBin: true
    dependencies:
      js-tokens: 4.0.0
    dev: false

  /preact@10.12.1:
    resolution: {integrity: sha512-l8386ixSsBdbreOAkqtrwqHwdvR35ID8c3rKPa8lCWuO86dBi32QWHV4vfsZK1utLLFMvw+Z5Ad4XLkZzchscg==}

  /react-dom@18.2.0(react@18.2.0):
    resolution: {integrity: sha512-6IMTriUmvsjHUjNtEDudZfuDQUoWXVxKHhlEGSk81n4YFS+r/Kl99wXiwlVXtPBtJenozv2P+hxDsw9eA7Xo6g==}
    peerDependencies:
      react: ^18.2.0
    dependencies:
      loose-envify: 1.4.0
      react: 18.2.0
      scheduler: 0.23.0
    dev: false

  /react@18.2.0:
    resolution: {integrity: sha512-/3IjMdb2L9QbBdWiW5e3P2/npwMBaU9mHCSCUzNln0ZCYbcfTsGbTJrU/kGemdH2IWmB2ioZ+zkxtmq6g09fGQ==}
    engines: {node: '>=0.10.0'}
    dependencies:
      loose-envify: 1.4.0
    dev: false

  /scheduler@0.23.0:
    resolution: {integrity: sha512-CtuThmgHNg7zIZWAXi3AsyIzA3n4xx7aNyjwC2VJldO2LMVDhFK+63xGqq6CsJH4rTAt6/M+N4GhZiDYPx9eUw==}
    dependencies:
      loose-envify: 1.4.0
    dev: false
